
Microsoft Visual Studio Solution File, Format Version 12.00
# Visual Studio Version 16
VisualStudioVersion = 16.0.32602.291
MinimumVisualStudioVersion = 10.0.40219.1
Project("{8BC9CEB8-8B4A-11D0-8D11-00A0C91BC942}") = "test", "test\test.vcxproj", "{046DF4EF-B58C-4B62-BED6-17D9022BAB05}"
EndProject
Global
	GlobalSection(SolutionConfigurationPlatforms) = preSolution
		Debug|x64 = Debug|x64
		Debug|x86 = Debug|x86
		Release|x64 = Release|x64
		Release|x86 = Release|x86
	EndGlobalSection
	GlobalSection(ProjectConfigurationPlatforms) = postSolution
		{046DF4EF-B58C-4B62-BED6-17D9022BAB05}.Debug|x64.ActiveCfg = Debug|x64
		{046DF4EF-B58C-4B62-BED6-17D9022BAB05}.Debug|x64.Build.0 = Debug|x64
		{046DF4EF-B58C-4B62-BED6-17D9022BAB05}.Debug|x86.ActiveCfg = Debug|Win32
		{046DF4EF-B58C-4B62-BED6-17D9022BAB05}.Debug|x86.Build.0 = Debug|Win32
		{046DF4EF-B58C-4B62-BED6-17D9022BAB05}.Release|x64.ActiveCfg = Release|x64
		{046DF4EF-B58C-4B62-BED6-17D9022BAB05}.Release|x64.Build.0 = Release|x64
		{046DF4EF-B58C-4B62-BED6-17D9022BAB05}.Release|x86.ActiveCfg = Release|Win32
		{046DF4EF-B58C-4B62-BED6-17D9022BAB05}.Release|x86.Build.0 = Release|Win32
	EndGlobalSection
	GlobalSection(SolutionProperties) = preSolution
		HideSolutionNode = FALSE
	EndGlobalSection
	GlobalSection(ExtensibilityGlobals) = postSolution
		SolutionGuid = {D7E68095-A9AE-4C18-8400-E1419EB27450}
	EndGlobalSection
EndGlobal
